
Microsoft Visual Studio Solution File, Format Version 12.00
# Visual Studio Version 17
VisualStudioVersion = 17.9.34728.123
MinimumVisualStudioVersion = 10.0.40219.1
Project("{8BC9CEB8-8B4A-11D0-8D11-00A0C91BC942}") = "RGKolokvijum2014", "RGKolokvijum2014\RGKolokvijum2014.vcxproj", "{BAD58C6C-BF98-44FB-9CE3-9B86F969F532}"
EndProject
Global
	GlobalSection(SolutionConfigurationPlatforms) = preSolution
		Debug|x64 = Debug|x64
		Debug|x86 = Debug|x86
		Release|x64 = Release|x64
		Release|x86 = Release|x86
	EndGlobalSection
	GlobalSection(ProjectConfigurationPlatforms) = postSolution
		{BAD58C6C-BF98-44FB-9CE3-9B86F969F532}.Debug|x64.ActiveCfg = Debug|x64
		{BAD58C6C-BF98-44FB-9CE3-9B86F969F532}.Debug|x64.Build.0 = Debug|x64
		{BAD58C6C-BF98-44FB-9CE3-9B86F969F532}.Debug|x86.ActiveCfg = Debug|Win32
		{BAD58C6C-BF98-44FB-9CE3-9B86F969F532}.Debug|x86.Build.0 = Debug|Win32
		{BAD58C6C-BF98-44FB-9CE3-9B86F969F532}.Release|x64.ActiveCfg = Release|x64
		{BAD58C6C-BF98-44FB-9CE3-9B86F969F532}.Release|x64.Build.0 = Release|x64
		{BAD58C6C-BF98-44FB-9CE3-9B86F969F532}.Release|x86.ActiveCfg = Release|Win32
		{BAD58C6C-BF98-44FB-9CE3-9B86F969F532}.Release|x86.Build.0 = Release|Win32
	EndGlobalSection
	GlobalSection(SolutionProperties) = preSolution
		HideSolutionNode = FALSE
	EndGlobalSection
	GlobalSection(ExtensibilityGlobals) = postSolution
		SolutionGuid = {6E1A7E9D-1D63-4DA2-81A0-083745DA1EC8}
	EndGlobalSection
EndGlobal
